
Microsoft Visual Studio Solution File, Format Version 11.00
# Visual Studio 2010
Project("{8BC9CEB8-8B4A-11D0-8D11-00A0C91BC942}") = "ScrollBar", "ScrollBar\ScrollBar.vcxproj", "{CB466DAC-3FCF-4CDF-BE0F-08923E0C54EF}"
EndProject
Global
	GlobalSection(SolutionConfigurationPlatforms) = preSolution
		Debug|Win32 = Debug|Win32
		Release|Win32 = Release|Win32
	EndGlobalSection
	GlobalSection(ProjectConfigurationPlatforms) = postSolution
		{CB466DAC-3FCF-4CDF-BE0F-08923E0C54EF}.Debug|Win32.ActiveCfg = Debug|Win32
		{CB466DAC-3FCF-4CDF-BE0F-08923E0C54EF}.Debug|Win32.Build.0 = Debug|Win32
		{CB466DAC-3FCF-4CDF-BE0F-08923E0C54EF}.Release|Win32.ActiveCfg = Release|Win32
		{CB466DAC-3FCF-4CDF-BE0F-08923E0C54EF}.Release|Win32.Build.0 = Release|Win32
	EndGlobalSection
	GlobalSection(SolutionProperties) = preSolution
		HideSolutionNode = FALSE
	EndGlobalSection
EndGlobal
